
Microsoft Visual Studio Solution File, Format Version 12.00
# Visual Studio Version 16
VisualStudioVersion = 16.0.29418.71
MinimumVisualStudioVersion = 10.0.40219.1
Project("{FAE04EC0-301F-11D3-BF4B-00C04F79EFBC}") = "UnitTestCalculadoraImpuestos", "UnitTestCalculadoraImpuestos\UnitTestCalculadoraImpuestos.csproj", "{1A390336-83F5-4FFE-BE86-53D9488145A0}"
EndProject
Project("{FAE04EC0-301F-11D3-BF4B-00C04F79EFBC}") = "Calculadora", "Calculadora\Calculadora.csproj", "{B6E1094F-D24C-4E37-81D8-AA37FD837CF1}"
EndProject
Global
	GlobalSection(SolutionConfigurationPlatforms) = preSolution
		Debug|Any CPU = Debug|Any CPU
		Release|Any CPU = Release|Any CPU
	EndGlobalSection
	GlobalSection(ProjectConfigurationPlatforms) = postSolution
		{1A390336-83F5-4FFE-BE86-53D9488145A0}.Debug|Any CPU.ActiveCfg = Debug|Any CPU
		{1A390336-83F5-4FFE-BE86-53D9488145A0}.Debug|Any CPU.Build.0 = Debug|Any CPU
		{1A390336-83F5-4FFE-BE86-53D9488145A0}.Release|Any CPU.ActiveCfg = Release|Any CPU
		{1A390336-83F5-4FFE-BE86-53D9488145A0}.Release|Any CPU.Build.0 = Release|Any CPU
		{B6E1094F-D24C-4E37-81D8-AA37FD837CF1}.Debug|Any CPU.ActiveCfg = Debug|Any CPU
		{B6E1094F-D24C-4E37-81D8-AA37FD837CF1}.Debug|Any CPU.Build.0 = Debug|Any CPU
		{B6E1094F-D24C-4E37-81D8-AA37FD837CF1}.Release|Any CPU.ActiveCfg = Release|Any CPU
		{B6E1094F-D24C-4E37-81D8-AA37FD837CF1}.Release|Any CPU.Build.0 = Release|Any CPU
	EndGlobalSection
	GlobalSection(SolutionProperties) = preSolution
		HideSolutionNode = FALSE
	EndGlobalSection
	GlobalSection(ExtensibilityGlobals) = postSolution
		SolutionGuid = {EA257505-83AC-4A0C-8564-CB053656CCFE}
	EndGlobalSection
EndGlobal
